
Microsoft Visual Studio Solution File, Format Version 12.00
# Visual Studio Version 17
VisualStudioVersion = 17.0.31903.59
MinimumVisualStudioVersion = 10.0.40219.1
Project("{2150E333-8FDC-42A3-9474-1A3956D46DE8}") = "src", "src", "{30FADEB1-6EA5-4469-B47F-40A79EDF8AAF}"
EndProject
Project("{F2A71F9B-5D33-465A-A702-920D77279786}") = "ResearchPublisher.Lifecycle.Core", "src\ResearchPublisher.Lifecycle.Core\ResearchPublisher.Lifecycle.Core.fsproj", "{2F692BD9-EFA1-4839-AAD3-24F705B506BE}"
EndProject
Project("{F2A71F9B-5D33-465A-A702-920D77279786}") = "ResearchPublisher.Lifecycle.Cli", "src\ResearchPublisher.Lifecycle.Cli\ResearchPublisher.Lifecycle.Cli.fsproj", "{416AE6EE-8126-4C0E-BC2F-1D999D174458}"
EndProject
Project("{2150E333-8FDC-42A3-9474-1A3956D46DE8}") = "tests", "tests", "{F5DF1766-7BFB-479F-AB0B-53CA2CD3BB24}"
EndProject
Project("{F2A71F9B-5D33-465A-A702-920D77279786}") = "ResearchPublisher.Lifecycle.Core.Tests", "tests\ResearchPublisher.Lifecycle.Core.Tests\ResearchPublisher.Lifecycle.Core.Tests.fsproj", "{0AF64B49-5673-4C90-900A-03EBEBB3D409}"
EndProject
Project("{F2A71F9B-5D33-465A-A702-920D77279786}") = "ResearchPublisher.Lifecycle.Cli.Tests", "tests\ResearchPublisher.Lifecycle.Cli.Tests\ResearchPublisher.Lifecycle.Cli.Tests.fsproj", "{5455746D-C853-48E0-8D44-4C4C7950C972}"
EndProject
Project("{F2A71F9B-5D33-465A-A702-920D77279786}") = "Tekmerion.Domain", "src\Tekmerion.Domain\Tekmerion.Domain.fsproj", "{FCC39A9B-5EC4-4A39-A499-72CC068EB004}"
EndProject
Project("{F2A71F9B-5D33-465A-A702-920D77279786}") = "Tekmerion.Domain.Tests", "tests\Tekmerion.Domain.Tests\Tekmerion.Domain.Tests.fsproj", "{6EA90A39-0099-4BE5-8726-77ECF24C0FC0}"
EndProject
Project("{F2A71F9B-5D33-465A-A702-920D77279786}") = "Tekmerion.Core", "src\Tekmerion.Core\Tekmerion.Core.fsproj", "{1D117AAB-6C6F-4E5E-AC72-55F82AE74BFB}"
EndProject
Project("{F2A71F9B-5D33-465A-A702-920D77279786}") = "Tekmerion.Cli", "src\Tekmerion.Cli\Tekmerion.Cli.fsproj", "{F37B3ECA-5641-4E8C-86F6-C6C81C351915}"
EndProject
Project("{F2A71F9B-5D33-465A-A702-920D77279786}") = "Tekmerion.Core.Tests", "tests\Tekmerion.Core.Tests\Tekmerion.Core.Tests.fsproj", "{B839EFC7-4F30-4256-A495-119A58FB302F}"
EndProject
Global
	GlobalSection(SolutionConfigurationPlatforms) = preSolution
		Debug|Any CPU = Debug|Any CPU
		Release|Any CPU = Release|Any CPU
	EndGlobalSection
	GlobalSection(SolutionProperties) = preSolution
		HideSolutionNode = FALSE
	EndGlobalSection
	GlobalSection(ProjectConfigurationPlatforms) = postSolution
		{2F692BD9-EFA1-4839-AAD3-24F705B506BE}.Debug|Any CPU.ActiveCfg = Debug|Any CPU
		{2F692BD9-EFA1-4839-AAD3-24F705B506BE}.Debug|Any CPU.Build.0 = Debug|Any CPU
		{2F692BD9-EFA1-4839-AAD3-24F705B506BE}.Release|Any CPU.ActiveCfg = Release|Any CPU
		{2F692BD9-EFA1-4839-AAD3-24F705B506BE}.Release|Any CPU.Build.0 = Release|Any CPU
		{416AE6EE-8126-4C0E-BC2F-1D999D174458}.Debug|Any CPU.ActiveCfg = Debug|Any CPU
		{416AE6EE-8126-4C0E-BC2F-1D999D174458}.Debug|Any CPU.Build.0 = Debug|Any CPU
		{416AE6EE-8126-4C0E-BC2F-1D999D174458}.Release|Any CPU.ActiveCfg = Release|Any CPU
		{416AE6EE-8126-4C0E-BC2F-1D999D174458}.Release|Any CPU.Build.0 = Release|Any CPU
		{0AF64B49-5673-4C90-900A-03EBEBB3D409}.Debug|Any CPU.ActiveCfg = Debug|Any CPU
		{0AF64B49-5673-4C90-900A-03EBEBB3D409}.Debug|Any CPU.Build.0 = Debug|Any CPU
		{0AF64B49-5673-4C90-900A-03EBEBB3D409}.Release|Any CPU.ActiveCfg = Release|Any CPU
		{0AF64B49-5673-4C90-900A-03EBEBB3D409}.Release|Any CPU.Build.0 = Release|Any CPU
		{5455746D-C853-48E0-8D44-4C4C7950C972}.Debug|Any CPU.ActiveCfg = Debug|Any CPU
		{5455746D-C853-48E0-8D44-4C4C7950C972}.Debug|Any CPU.Build.0 = Debug|Any CPU
		{5455746D-C853-48E0-8D44-4C4C7950C972}.Release|Any CPU.ActiveCfg = Release|Any CPU
		{5455746D-C853-48E0-8D44-4C4C7950C972}.Release|Any CPU.Build.0 = Release|Any CPU
		{FCC39A9B-5EC4-4A39-A499-72CC068EB004}.Debug|Any CPU.ActiveCfg = Debug|Any CPU
		{FCC39A9B-5EC4-4A39-A499-72CC068EB004}.Debug|Any CPU.Build.0 = Debug|Any CPU
		{FCC39A9B-5EC4-4A39-A499-72CC068EB004}.Release|Any CPU.ActiveCfg = Release|Any CPU
		{FCC39A9B-5EC4-4A39-A499-72CC068EB004}.Release|Any CPU.Build.0 = Release|Any CPU
		{6EA90A39-0099-4BE5-8726-77ECF24C0FC0}.Debug|Any CPU.ActiveCfg = Debug|Any CPU
		{6EA90A39-0099-4BE5-8726-77ECF24C0FC0}.Debug|Any CPU.Build.0 = Debug|Any CPU
		{6EA90A39-0099-4BE5-8726-77ECF24C0FC0}.Release|Any CPU.ActiveCfg = Release|Any CPU
		{6EA90A39-0099-4BE5-8726-77ECF24C0FC0}.Release|Any CPU.Build.0 = Release|Any CPU
		{1D117AAB-6C6F-4E5E-AC72-55F82AE74BFB}.Debug|Any CPU.ActiveCfg = Debug|Any CPU
		{1D117AAB-6C6F-4E5E-AC72-55F82AE74BFB}.Debug|Any CPU.Build.0 = Debug|Any CPU
		{1D117AAB-6C6F-4E5E-AC72-55F82AE74BFB}.Release|Any CPU.ActiveCfg = Release|Any CPU
		{1D117AAB-6C6F-4E5E-AC72-55F82AE74BFB}.Release|Any CPU.Build.0 = Release|Any CPU
		{F37B3ECA-5641-4E8C-86F6-C6C81C351915}.Debug|Any CPU.ActiveCfg = Debug|Any CPU
		{F37B3ECA-5641-4E8C-86F6-C6C81C351915}.Debug|Any CPU.Build.0 = Debug|Any CPU
		{F37B3ECA-5641-4E8C-86F6-C6C81C351915}.Release|Any CPU.ActiveCfg = Release|Any CPU
		{F37B3ECA-5641-4E8C-86F6-C6C81C351915}.Release|Any CPU.Build.0 = Release|Any CPU
		{B839EFC7-4F30-4256-A495-119A58FB302F}.Debug|Any CPU.ActiveCfg = Debug|Any CPU
		{B839EFC7-4F30-4256-A495-119A58FB302F}.Debug|Any CPU.Build.0 = Debug|Any CPU
		{B839EFC7-4F30-4256-A495-119A58FB302F}.Release|Any CPU.ActiveCfg = Release|Any CPU
		{B839EFC7-4F30-4256-A495-119A58FB302F}.Release|Any CPU.Build.0 = Release|Any CPU
	EndGlobalSection
	GlobalSection(NestedProjects) = preSolution
		{2F692BD9-EFA1-4839-AAD3-24F705B506BE} = {30FADEB1-6EA5-4469-B47F-40A79EDF8AAF}
		{416AE6EE-8126-4C0E-BC2F-1D999D174458} = {30FADEB1-6EA5-4469-B47F-40A79EDF8AAF}
		{0AF64B49-5673-4C90-900A-03EBEBB3D409} = {F5DF1766-7BFB-479F-AB0B-53CA2CD3BB24}
		{5455746D-C853-48E0-8D44-4C4C7950C972} = {F5DF1766-7BFB-479F-AB0B-53CA2CD3BB24}
		{FCC39A9B-5EC4-4A39-A499-72CC068EB004} = {30FADEB1-6EA5-4469-B47F-40A79EDF8AAF}
		{6EA90A39-0099-4BE5-8726-77ECF24C0FC0} = {F5DF1766-7BFB-479F-AB0B-53CA2CD3BB24}
		{1D117AAB-6C6F-4E5E-AC72-55F82AE74BFB} = {30FADEB1-6EA5-4469-B47F-40A79EDF8AAF}
		{F37B3ECA-5641-4E8C-86F6-C6C81C351915} = {30FADEB1-6EA5-4469-B47F-40A79EDF8AAF}
		{B839EFC7-4F30-4256-A495-119A58FB302F} = {F5DF1766-7BFB-479F-AB0B-53CA2CD3BB24}
	EndGlobalSection
EndGlobal
